// !$*UTF8*$!
{
	archiveVersion = 1;
	classes = {
	};
	objectVersion = 46;
	objects = {

/* Begin PBXBuildFile section */
		AEFAC0881CE4CB9A007F6A7C /* AppDelegate.swift in Sources */ = {isa = PBXBuildFile; fileRef = AEFAC0871CE4CB9A007F6A7C /* AppDelegate.swift */; };
		AEFAC08A1CE4CB9A007F6A7C /* ViewController.swift in Sources */ = {isa = PBXBuildFile; fileRef = AEFAC0891CE4CB9A007F6A7C /* ViewController.swift */; };
		AEFAC08D1CE4CB9A007F6A7C /* Main.storyboard in Resources */ = {isa = PBXBuildFile; fileRef = AEFAC08B1CE4CB9A007F6A7C /* Main.storyboard */; };
		AEFAC08F1CE4CB9A007F6A7C /* Assets.xcassets in Resources */ = {isa = PBXBuildFile; fileRef = AEFAC08E1CE4CB9A007F6A7C /* Assets.xcassets */; };
		AEFAC0921CE4CB9A007F6A7C /* LaunchScreen.storyboard in Resources */ = {isa = PBXBuildFile; fileRef = AEFAC0901CE4CB9A007F6A7C /* LaunchScreen.storyboard */; };
/* End PBXBuildFile section */

/* Begin PBXFileReference section */
		AEFAC0841CE4CB99007F6A7C /* Swift-101.app */ = {isa = PBXFileReference; explicitFileType = wrapper.application; includeInIndex = 0; path = "Swift-101.app"; sourceTree = BUILT_PRODUCTS_DIR; };
		AEFAC0871CE4CB9A007F6A7C /* AppDelegate.swift */ = {isa = PBXFileReference; lastKnownFileType = sourcecode.swift; path = AppDelegate.swift; sourceTree = "<group>"; };
		AEFAC0891CE4CB9A007F6A7C /* ViewController.swift */ = {isa = PBXFileReference; lastKnownFileType = sourcecode.swift; path = ViewController.swift; sourceTree = "<group>"; };
		AEFAC08C1CE4CB9A007F6A7C /* Base */ = {isa = PBXFileReference; lastKnownFileType = file.storyboard; name = Base; path = Base.lproj/Main.storyboard; sourceTree = "<group>"; };
		AEFAC08E1CE4CB9A007F6A7C /* Assets.xcassets */ = {isa = PBXFileReference; lastKnownFileType = folder.assetcatalog; path = Assets.xcassets; sourceTree = "<group>"; };
		AEFAC0911CE4CB9A007F6A7C /* Base */ = {isa = PBXFileReference; lastKnownFileType = file.storyboard; name = Base; path = Base.lproj/LaunchScreen.storyboard; sourceTree = "<group>"; };
		AEFAC0931CE4CB9A007F6A7C /* Info.plist */ = {isa = PBXFileReference; lastKnownFileType = text.plist.xml; path = Info.plist; sourceTree = "<group>"; };
/* End PBXFileReference section */

/* Begin PBXFrameworksBuildPhase section */
		AEFAC0811CE4CB99007F6A7C /* Frameworks */ = {
			isa = PBXFrameworksBuildPhase;
			buildActionMask = 2147483647;
			files = (
			);
			runOnlyForDeploymentPostprocessing = 0;
		};
/* End PBXFrameworksBuildPhase section */

/* Begin PBXGroup section */
		AEFAC07B1CE4CB99007F6A7C = {
			isa = PBXGroup;
			children = (
				AEFAC0861CE4CB9A007F6A7C /* Swift-101 */,
				AEFAC0851CE4CB99007F6A7C /* Products */,
			);
			sourceTree = "<group>";
		};
		AEFAC0851CE4CB99007F6A7C /* Products */ = {
			isa = PBXGroup;
			children = (
				AEFAC0841CE4CB99007F6A7C /* Swift-101.app */,
			);
			name = Products;
			sourceTree = "<group>";
		};
		AEFAC0861CE4CB9A007F6A7C /* Swift-101 */ = {
			isa = PBXGroup;
			children = (
				AEFAC0871CE4CB9A007F6A7C /* AppDelegate.swift */,
				AEFAC0891CE4CB9A007F6A7C /* ViewController.swift */,
				AEFAC08B1CE4CB9A007F6A7C /* Main.storyboard */,
				AEFAC08E1CE4CB9A007F6A7C /* Assets.xcassets */,
				AEFAC0901CE4CB9A007F6A7C /* LaunchScreen.storyboard */,
				AEFAC0931CE4CB9A007F6A7C /* Info.plist */,
			);
			path = "Swift-101";
			sourceTree = "<group>";
		};
/* End PBXGroup section */

/* Begin PBXNativeTarget section */
		AEFAC0831CE4CB99007F6A7C /* Swift-101 */ = {
			isa = PBXNativeTarget;
			buildConfigurationList = AEFAC0961CE4CB9A007F6A7C /* Build configuration list for PBXNativeTarget "Swift-101" */;
			buildPhases = (
				AEFAC0801CE4CB99007F6A7C /* Sources */,
				AEFAC0811CE4CB99007F6A7C /* Frameworks */,
				AEFAC0821CE4CB99007F6A7C /* Resources */,
			);
			buildRules = (
			);
			dependencies = (
			);
			name = "Swift-101";
			productName = "Swift-101";
			productReference = AEFAC0841CE4CB99007F6A7C /* Swift-101.app */;
			productType = "com.apple.product-type.application";
		};
/* End PBXNativeTarget section */

/* Begin PBXProject section */
		AEFAC07C1CE4CB99007F6A7C /* Project object */ = {
			isa = PBXProject;
			attributes = {
				LastSwiftUpdateCheck = 0730;
				LastUpgradeCheck = 0730;
				ORGANIZATIONNAME = pivotaldesign.biz;
				TargetAttributes = {
					AEFAC0831CE4CB99007F6A7C = {
						CreatedOnToolsVersion = 7.3.1;
						DevelopmentTeam = YKR7B3DLF3;
					};
				};
			};
			buildConfigurationList = AEFAC07F1CE4CB99007F6A7C /* Build configuration list for PBXProject "Swift-101" */;
			compatibilityVersion = "Xcode 3.2";
			developmentRegion = English;
			hasScannedForEncodings = 0;
			knownRegions = (
				en,
				Base,
			);
			mainGroup = AEFAC07B1CE4CB99007F6A7C;
			productRefGroup = AEFAC0851CE4CB99007F6A7C /* Products */;
			projectDirPath = "";
			projectRoot = "";
			targets = (
				AEFAC0831CE4CB99007F6A7C /* Swift-101 */,
			);
		};
/* End PBXProject section */

/* Begin PBXResourcesBuildPhase section */
		AEFAC0821CE4CB99007F6A7C /* Resources */ = {
			isa = PBXResourcesBuildPhase;
			buildActionMask = 2147483647;
			files = (
				AEFAC0921CE4CB9A007F6A7C /* LaunchScreen.storyboard in Resources */,
				AEFAC08F1CE4CB9A007F6A7C /* Assets.xcassets in Resources */,
				AEFAC08D1CE4CB9A007F6A7C /* Main.storyboard in Resources */,
			);
			runOnlyForDeploymentPostprocessing = 0;
		};
/* End PBXResourcesBuildPhase section */

/* Begin PBXSourcesBuildPhase section */
		AEFAC0801CE4CB99007F6A7C /* Sources */ = {
			isa = PBXSourcesBuildPhase;
			buildActionMask = 2147483647;
			files = (
				AEFAC08A1CE4CB9A007F6A7C /* ViewController.swift in Sources */,
				AEFAC0881CE4CB9A007F6A7C /* AppDelegate.swift in Sources */,
			);
			runOnlyForDeploymentPostprocessing = 0;
		};
/* End PBXSourcesBuildPhase section */

/* Begin PBXVariantGroup section */
		AEFAC08B1CE4CB9A007F6A7C /* Main.storyboard */ = {
			isa = PBXVariantGroup;
			children = (
				AEFAC08C1CE4CB9A007F6A7C /* Base */,
			);
			name = Main.storyboard;
			sourceTree = "<group>";
		};
		AEFAC0901CE4CB9A007F6A7C /* LaunchScreen.storyboard */ = {
			isa = PBXVariantGroup;
			children = (
				AEFAC0911CE4CB9A007F6A7C /* Base */,
			);
			name = LaunchScreen.storyboard;
			sourceTree = "<group>";
		};
/* End PBXVariantGroup section */

/* Begin XCBuildConfiguration section */
		AEFAC0941CE4CB9A007F6A7C /* Debug */ = {
			isa = XCBuildConfiguration;
			buildSettings = {
				ALWAYS_SEARCH_USER_PATHS = NO;
				CLANG_ANALYZER_NONNULL = YES;
				CLANG_CXX_LANGUAGE_STANDARD = "gnu++0x";
				CLANG_CXX_LIBRARY = "libc++";
				CLANG_ENABLE_MODULES = YES;
				CLANG_ENABLE_OBJC_ARC = YES;
				CLANG_WARN_BOOL_CONVERSION = YES;
				CLANG_WARN_CONSTANT_CONVERSION = YES;
				CLANG_WARN_DIRECT_OBJC_ISA_USAGE = YES_ERROR;
				CLANG_WARN_EMPTY_BODY = YES;
				CLANG_WARN_ENUM_CONVERSION = YES;
				CLANG_WARN_INT_CONVERSION = YES;
				CLANG_WARN_OBJC_ROOT_CLASS = YES_ERROR;
				CLANG_WARN_UNREACHABLE_CODE = YES;
				CLANG_WARN__DUPLICATE_METHOD_MATCH = YES;
				"CODE_SIGN_IDENTITY[sdk=iphoneos*]" = "iPhone Developer";
				COPY_PHASE_STRIP = NO;
				DEBUG_INFORMATION_FORMAT = dwarf;
				ENABLE_STRICT_OBJC_MSGSEND = YES;
				ENABLE_TESTABILITY = YES;
				GCC_C_LANGUAGE_STANDARD = gnu99;
				GCC_DYNAMIC_NO_PIC = NO;
				GCC_NO_COMMON_BLOCKS = YES;
				GCC_OPTIMIZATION_LEVEL = 0;
				GCC_PREPROCESSOR_DEFINITIONS = (
					"DEBUG=1",
					"$(inherited)",
				);
				GCC_WARN_64_TO_32_BIT_CONVERSION = YES;
				GCC_WARN_ABOUT_RETURN_TYPE = YES_ERROR;
				GCC_WARN_UNDECLARED_SELECTOR = YES;
				GCC_WARN_UNINITIALIZED_AUTOS = YES_AGGRESSIVE;
				GCC_WARN_UNUSED_FUNCTION = YES;
				GCC_WARN_UNUSED_VARIABLE = YES;
				IPHONEOS_DEPLOYMENT_TARGET = 9.3;
				MTL_ENABLE_DEBUG_INFO = YES;
				ONLY_ACTIVE_ARCH = YES;
				SDKROOT = iphoneos;
				SWIFT_OPTIMIZATION_LEVEL = "-Onone";
			};
			name = Debug;
		};
		AEFAC0951CE4CB9A007F6A7C /* Release */ = {
			isa = XCBuildConfiguration;
			buildSettings = {
				ALWAYS_SEARCH_USER_PATHS = NO;
				CLANG_ANALYZER_NONNULL = YES;
				CLANG_CXX_LANGUAGE_STANDARD = "gnu++0x";
				CLANG_CXX_LIBRARY = "libc++";
				CLANG_ENABLE_MODULES = YES;
				CLANG_ENABLE_OBJC_ARC = YES;
				CLANG_WARN_BOOL_CONVERSION = YES;
				CLANG_WARN_CONSTANT_CONVERSION = YES;
				CLANG_WARN_DIRECT_OBJC_ISA_USAGE = YES_ERROR;
				CLANG_WARN_EMPTY_BODY = YES;
				CLANG_WARN_ENUM_CONVERSION = YES;
				CLANG_WARN_INT_CONVERSION = YES;
				CLANG_WARN_OBJC_ROOT_CLASS = YES_ERROR;
				CLANG_WARN_UNREACHABLE_CODE = YES;
				CLANG_WARN__DUPLICATE_METHOD_MATCH = YES;
				"CODE_SIGN_IDENTITY[sdk=iphoneos*]" = "iPhone Developer";
				COPY_PHASE_STRIP = NO;
				DEBUG_INFORMATION_FORMAT = "dwarf-with-dsym";
				ENABLE_NS_ASSERTIONS = NO;
				ENABLE_STRICT_OBJC_MSGSEND = YES;
				GCC_C_LANGUAGE_STANDARD = gnu99;
				GCC_NO_COMMON_BLOCKS = YES;
				GCC_WARN_64_TO_32_BIT_CONVERSION = YES;
				GCC_WARN_ABOUT_RETURN_TYPE = YES_ERROR;
				GCC_WARN_UNDECLARED_SELECTOR = YES;
				GCC_WARN_UNINITIALIZED_AUTOS = YES_AGGRESSIVE;
				GCC_WARN_UNUSED_FUNCTION = YES;
				GCC_WARN_UNUSED_VARIABLE = YES;
				IPHONEOS_DEPLOYMENT_TARGET = 9.3;
				MTL_ENABLE_DEBUG_INFO = NO;
				SDKROOT = iphoneos;
				VALIDATE_PRODUCT = YES;
			};
			name = Release;
		};
		AEFAC0971CE4CB9A007F6A7C /* Debug */ = {
			isa = XCBuildConfiguration;
			buildSettings = {
				ASSETCATALOG_COMPILER_APPICON_NAME = AppIcon;
				CODE_SIGN_IDENTITY = "iPhone Developer";
				INFOPLIST_FILE = "Swift-101/Info.plist";
				LD_RUNPATH_SEARCH_PATHS = "$(inherited) @executable_path/Frameworks";
				PRODUCT_BUNDLE_IDENTIFIER = "biz.pivotaldesign.Swift-101";
				PRODUCT_NAME = "$(TARGET_NAME)";
			};
			name = Debug;
		};
		AEFAC0981CE4CB9A007F6A7C /* Release */ = {
			isa = XCBuildConfiguration;
			buildSettings = {
				ASSETCATALOG_COMPILER_APPICON_NAME = AppIcon;
				CODE_SIGN_IDENTITY = "iPhone Developer";
				INFOPLIST_FILE = "Swift-101/Info.plist";
				LD_RUNPATH_SEARCH_PATHS = "$(inherited) @executable_path/Frameworks";
				PRODUCT_BUNDLE_IDENTIFIER = "biz.pivotaldesign.Swift-101";
				PRODUCT_NAME = "$(TARGET_NAME)";
			};
			name = Release;
		};
/* End XCBuildConfiguration section */

/* Begin XCConfigurationList section */
		AEFAC07F1CE4CB99007F6A7C /* Build configuration list for PBXProject "Swift-101" */ = {
			isa = XCConfigurationList;
			buildConfigurations = (
				AEFAC0941CE4CB9A007F6A7C /* Debug */,
				AEFAC0951CE4CB9A007F6A7C /* Release */,
			);
			defaultConfigurationIsVisible = 0;
			defaultConfigurationName = Release;
		};
		AEFAC0961CE4CB9A007F6A7C /* Build configuration list for PBXNativeTarget "Swift-101" */ = {
			isa = XCConfigurationList;
			buildConfigurations = (
				AEFAC0971CE4CB9A007F6A7C /* Debug */,
				AEFAC0981CE4CB9A007F6A7C /* Release */,
			);
			defaultConfigurationIsVisible = 0;
		};
/* End XCConfigurationList section */
	};
	rootObject = AEFAC07C1CE4CB99007F6A7C /* Project object */;
}
